
Microsoft Visual Studio Solution File, Format Version 12.00
# Visual Studio 15
VisualStudioVersion = 15.0.26430.6
MinimumVisualStudioVersion = 10.0.40219.1
Project("{FAE04EC0-301F-11D3-BF4B-00C04F79EFBC}") = "ParkAr", "ParkAr\ParkAr.csproj", "{8C3736FB-1822-4E05-92A4-4A51E9E64544}"
EndProject
Project("{FAE04EC0-301F-11D3-BF4B-00C04F79EFBC}") = "Vidly", "..\..\..\Sistemas\Web\AspMvc\Vidly\Vidly\Vidly.csproj", "{77951EA8-8D1D-4A92-AFC4-542C15A9FE58}"
EndProject
Global
	GlobalSection(SolutionConfigurationPlatforms) = preSolution
		Debug|Any CPU = Debug|Any CPU
		Release|Any CPU = Release|Any CPU
	EndGlobalSection
	GlobalSection(ProjectConfigurationPlatforms) = postSolution
		{8C3736FB-1822-4E05-92A4-4A51E9E64544}.Debug|Any CPU.ActiveCfg = Debug|Any CPU
		{8C3736FB-1822-4E05-92A4-4A51E9E64544}.Debug|Any CPU.Build.0 = Debug|Any CPU
		{8C3736FB-1822-4E05-92A4-4A51E9E64544}.Release|Any CPU.ActiveCfg = Release|Any CPU
		{8C3736FB-1822-4E05-92A4-4A51E9E64544}.Release|Any CPU.Build.0 = Release|Any CPU
		{77951EA8-8D1D-4A92-AFC4-542C15A9FE58}.Debug|Any CPU.ActiveCfg = Debug|Any CPU
		{77951EA8-8D1D-4A92-AFC4-542C15A9FE58}.Debug|Any CPU.Build.0 = Debug|Any CPU
		{77951EA8-8D1D-4A92-AFC4-542C15A9FE58}.Release|Any CPU.ActiveCfg = Release|Any CPU
		{77951EA8-8D1D-4A92-AFC4-542C15A9FE58}.Release|Any CPU.Build.0 = Release|Any CPU
	EndGlobalSection
	GlobalSection(SolutionProperties) = preSolution
		HideSolutionNode = FALSE
	EndGlobalSection
EndGlobal
